
Microsoft Visual Studio Solution File, Format Version 12.00
# Visual Studio Version 17
VisualStudioVersion = 17.8.34330.188
MinimumVisualStudioVersion = 10.0.40219.1
Project("{9A19103F-16F7-4668-BE54-9A1E7A4F7556}") = "Trarizon.TextCommand", "Trarizon.TextCommand\Trarizon.TextCommand.csproj", "{AC31580D-42C1-48F7-85F7-27BB9C77DD85}"
EndProject
Project("{9A19103F-16F7-4668-BE54-9A1E7A4F7556}") = "Trarizon.TextCommand.Tester", "Trarizon.TextCommand.Tester\Trarizon.TextCommand.Tester.csproj", "{EDDA1C69-FCCE-4221-9253-D37692996E3C}"
EndProject
Project("{9A19103F-16F7-4668-BE54-9A1E7A4F7556}") = "Trarizon.TextCommand.SourceGenerator", "Trarizon.TextCommand.SourceGenerator\Trarizon.TextCommand.SourceGenerator.csproj", "{52B1521F-A8F6-4A79-AC4C-77CAA55FF806}"
EndProject
Project("{2150E333-8FDC-42A3-9474-1A3956D46DE8}") = "解决方案项", "解决方案项", "{49E00CB2-E05A-4808-B2AA-1FF18B6DC004}"
	ProjectSection(SolutionItems) = preProject
		Design.md = Design.md
		docs\Design.md = docs\Design.md
		README.CN.md = README.CN.md
		README.md = README.md
		TodoList.md = TodoList.md
		docs\TodoList.md = docs\TodoList.md
		UpdateHistory.md = UpdateHistory.md
		docs\UpdateHistory.md = docs\UpdateHistory.md
	EndProjectSection
EndProject
Global
	GlobalSection(SolutionConfigurationPlatforms) = preSolution
		Debug|Any CPU = Debug|Any CPU
		Release|Any CPU = Release|Any CPU
	EndGlobalSection
	GlobalSection(ProjectConfigurationPlatforms) = postSolution
		{AC31580D-42C1-48F7-85F7-27BB9C77DD85}.Debug|Any CPU.ActiveCfg = Debug|Any CPU
		{AC31580D-42C1-48F7-85F7-27BB9C77DD85}.Debug|Any CPU.Build.0 = Debug|Any CPU
		{AC31580D-42C1-48F7-85F7-27BB9C77DD85}.Release|Any CPU.ActiveCfg = Release|Any CPU
		{AC31580D-42C1-48F7-85F7-27BB9C77DD85}.Release|Any CPU.Build.0 = Release|Any CPU
		{EDDA1C69-FCCE-4221-9253-D37692996E3C}.Debug|Any CPU.ActiveCfg = Debug|Any CPU
		{EDDA1C69-FCCE-4221-9253-D37692996E3C}.Debug|Any CPU.Build.0 = Debug|Any CPU
		{EDDA1C69-FCCE-4221-9253-D37692996E3C}.Release|Any CPU.ActiveCfg = Release|Any CPU
		{EDDA1C69-FCCE-4221-9253-D37692996E3C}.Release|Any CPU.Build.0 = Release|Any CPU
		{52B1521F-A8F6-4A79-AC4C-77CAA55FF806}.Debug|Any CPU.ActiveCfg = Debug|Any CPU
		{52B1521F-A8F6-4A79-AC4C-77CAA55FF806}.Debug|Any CPU.Build.0 = Debug|Any CPU
		{52B1521F-A8F6-4A79-AC4C-77CAA55FF806}.Release|Any CPU.ActiveCfg = Release|Any CPU
		{52B1521F-A8F6-4A79-AC4C-77CAA55FF806}.Release|Any CPU.Build.0 = Release|Any CPU
	EndGlobalSection
	GlobalSection(SolutionProperties) = preSolution
		HideSolutionNode = FALSE
	EndGlobalSection
	GlobalSection(ExtensibilityGlobals) = postSolution
		SolutionGuid = {1213AF3D-1F60-4F84-8D8A-E619D62B310D}
	EndGlobalSection
EndGlobal
